
Microsoft Visual Studio Solution File, Format Version 12.00
# Visual Studio Version 17
VisualStudioVersion = 17.5.002.0
MinimumVisualStudioVersion = 10.0.40219.1
Project("{9A19103F-16F7-4668-BE54-9A1E7A4F7556}") = "HomeWork_Day27", "HomeWork_Day27.csproj", "{C8E79789-7501-44A0-8B18-43064D93F2C7}"
EndProject
Global
	GlobalSection(SolutionConfigurationPlatforms) = preSolution
		Debug|Any CPU = Debug|Any CPU
		Release|Any CPU = Release|Any CPU
	EndGlobalSection
	GlobalSection(ProjectConfigurationPlatforms) = postSolution
		{C8E79789-7501-44A0-8B18-43064D93F2C7}.Debug|Any CPU.ActiveCfg = Debug|Any CPU
		{C8E79789-7501-44A0-8B18-43064D93F2C7}.Debug|Any CPU.Build.0 = Debug|Any CPU
		{C8E79789-7501-44A0-8B18-43064D93F2C7}.Release|Any CPU.ActiveCfg = Release|Any CPU
		{C8E79789-7501-44A0-8B18-43064D93F2C7}.Release|Any CPU.Build.0 = Release|Any CPU
	EndGlobalSection
	GlobalSection(SolutionProperties) = preSolution
		HideSolutionNode = FALSE
	EndGlobalSection
	GlobalSection(ExtensibilityGlobals) = postSolution
		SolutionGuid = {7943B0FB-FCD9-435D-8F03-13727E0F84A4}
	EndGlobalSection
EndGlobal
