
Microsoft Visual Studio Solution File, Format Version 12.00
# Visual Studio Version 17
VisualStudioVersion = 17.5.002.0
MinimumVisualStudioVersion = 10.0.40219.1
Project("{2150E333-8FDC-42A3-9474-1A3956D46DE8}") = "BT_D27", "BT_D27", "{A38D8339-F5C4-462A-B112-818616B49D7B}"
EndProject
Project("{9A19103F-16F7-4668-BE54-9A1E7A4F7556}") = "Form-Register", "BT_D27\Form-Register\Form-Register.csproj", "{1A4B3B38-000F-4612-A23C-E04A3197E837}"
EndProject
Global
	GlobalSection(SolutionConfigurationPlatforms) = preSolution
		Debug|Any CPU = Debug|Any CPU
		Release|Any CPU = Release|Any CPU
	EndGlobalSection
	GlobalSection(ProjectConfigurationPlatforms) = postSolution
		{1A4B3B38-000F-4612-A23C-E04A3197E837}.Debug|Any CPU.ActiveCfg = Debug|Any CPU
		{1A4B3B38-000F-4612-A23C-E04A3197E837}.Debug|Any CPU.Build.0 = Debug|Any CPU
		{1A4B3B38-000F-4612-A23C-E04A3197E837}.Release|Any CPU.ActiveCfg = Release|Any CPU
		{1A4B3B38-000F-4612-A23C-E04A3197E837}.Release|Any CPU.Build.0 = Release|Any CPU
	EndGlobalSection
	GlobalSection(SolutionProperties) = preSolution
		HideSolutionNode = FALSE
	EndGlobalSection
	GlobalSection(NestedProjects) = preSolution
		{1A4B3B38-000F-4612-A23C-E04A3197E837} = {A38D8339-F5C4-462A-B112-818616B49D7B}
	EndGlobalSection
	GlobalSection(ExtensibilityGlobals) = postSolution
		SolutionGuid = {BE2FBD2E-B623-4F3F-8195-1327B50A6D2F}
	EndGlobalSection
EndGlobal
